
Microsoft Visual Studio Solution File, Format Version 12.00
# Visual Studio Version 16
VisualStudioVersion = 16.0.32228.343
MinimumVisualStudioVersion = 10.0.40219.1
Project("{8BC9CEB8-8B4A-11D0-8D11-00A0C91BC942}") = "NameSp1", "Project1\Project1.vcxproj", "{41D708DC-8031-4009-98CF-98E1E2E960DA}"
EndProject
Project("{8BC9CEB8-8B4A-11D0-8D11-00A0C91BC942}") = "NameSp2", "NameSp2\NameSp2.vcxproj", "{EBB1ED7C-1077-4F55-B7FC-4A40692CFF53}"
EndProject
Project("{8BC9CEB8-8B4A-11D0-8D11-00A0C91BC942}") = "NameSp3", "NameSp3\NameSp3.vcxproj", "{ACF7474A-FD1A-43BD-87CD-B17A740D2399}"
EndProject
Project("{8BC9CEB8-8B4A-11D0-8D11-00A0C91BC942}") = "EX_01", "EX_01\EX_01.vcxproj", "{606E4963-C8F6-4648-8420-DDD7BCD9BC69}"
EndProject
Project("{8BC9CEB8-8B4A-11D0-8D11-00A0C91BC942}") = "UsingDcl1", "UsingDcl1\UsingDcl1.vcxproj", "{445BB542-6D66-4619-83E0-E5E8C0BA6452}"
EndProject
Project("{8BC9CEB8-8B4A-11D0-8D11-00A0C91BC942}") = "UsingDcl2", "UsingDcl2\UsingDcl2.vcxproj", "{C96D5E49-50F5-4557-8C93-47CA26D5A389}"
EndProject
Project("{8BC9CEB8-8B4A-11D0-8D11-00A0C91BC942}") = "UsingDcl3", "UsingDcl3\UsingDcl3.vcxproj", "{9A53DD17-B6BB-48E6-A218-F0D7538E0328}"
EndProject
Project("{8BC9CEB8-8B4A-11D0-8D11-00A0C91BC942}") = "NameAlias", "NameAlias\NameAlias.vcxproj", "{1E293E2A-39AC-47E8-8DAC-69F08908A361}"
EndProject
Project("{8BC9CEB8-8B4A-11D0-8D11-00A0C91BC942}") = "ScopeResolutionOperator", "ScopeResolutionOperator\ScopeResolutionOperator.vcxproj", "{6FCE2B42-8183-418F-865E-94DF639F1C4B}"
EndProject
Global
	GlobalSection(SolutionConfigurationPlatforms) = preSolution
		Debug|x64 = Debug|x64
		Debug|x86 = Debug|x86
		Release|x64 = Release|x64
		Release|x86 = Release|x86
	EndGlobalSection
	GlobalSection(ProjectConfigurationPlatforms) = postSolution
		{41D708DC-8031-4009-98CF-98E1E2E960DA}.Debug|x64.ActiveCfg = Debug|x64
		{41D708DC-8031-4009-98CF-98E1E2E960DA}.Debug|x64.Build.0 = Debug|x64
		{41D708DC-8031-4009-98CF-98E1E2E960DA}.Debug|x86.ActiveCfg = Debug|Win32
		{41D708DC-8031-4009-98CF-98E1E2E960DA}.Debug|x86.Build.0 = Debug|Win32
		{41D708DC-8031-4009-98CF-98E1E2E960DA}.Release|x64.ActiveCfg = Release|x64
		{41D708DC-8031-4009-98CF-98E1E2E960DA}.Release|x64.Build.0 = Release|x64
		{41D708DC-8031-4009-98CF-98E1E2E960DA}.Release|x86.ActiveCfg = Release|Win32
		{41D708DC-8031-4009-98CF-98E1E2E960DA}.Release|x86.Build.0 = Release|Win32
		{EBB1ED7C-1077-4F55-B7FC-4A40692CFF53}.Debug|x64.ActiveCfg = Debug|x64
		{EBB1ED7C-1077-4F55-B7FC-4A40692CFF53}.Debug|x64.Build.0 = Debug|x64
		{EBB1ED7C-1077-4F55-B7FC-4A40692CFF53}.Debug|x86.ActiveCfg = Debug|Win32
		{EBB1ED7C-1077-4F55-B7FC-4A40692CFF53}.Debug|x86.Build.0 = Debug|Win32
		{EBB1ED7C-1077-4F55-B7FC-4A40692CFF53}.Release|x64.ActiveCfg = Release|x64
		{EBB1ED7C-1077-4F55-B7FC-4A40692CFF53}.Release|x64.Build.0 = Release|x64
		{EBB1ED7C-1077-4F55-B7FC-4A40692CFF53}.Release|x86.ActiveCfg = Release|Win32
		{EBB1ED7C-1077-4F55-B7FC-4A40692CFF53}.Release|x86.Build.0 = Release|Win32
		{ACF7474A-FD1A-43BD-87CD-B17A740D2399}.Debug|x64.ActiveCfg = Debug|x64
		{ACF7474A-FD1A-43BD-87CD-B17A740D2399}.Debug|x64.Build.0 = Debug|x64
		{ACF7474A-FD1A-43BD-87CD-B17A740D2399}.Debug|x86.ActiveCfg = Debug|Win32
		{ACF7474A-FD1A-43BD-87CD-B17A740D2399}.Debug|x86.Build.0 = Debug|Win32
		{ACF7474A-FD1A-43BD-87CD-B17A740D2399}.Release|x64.ActiveCfg = Release|x64
		{ACF7474A-FD1A-43BD-87CD-B17A740D2399}.Release|x64.Build.0 = Release|x64
		{ACF7474A-FD1A-43BD-87CD-B17A740D2399}.Release|x86.ActiveCfg = Release|Win32
		{ACF7474A-FD1A-43BD-87CD-B17A740D2399}.Release|x86.Build.0 = Release|Win32
		{606E4963-C8F6-4648-8420-DDD7BCD9BC69}.Debug|x64.ActiveCfg = Debug|x64
		{606E4963-C8F6-4648-8420-DDD7BCD9BC69}.Debug|x64.Build.0 = Debug|x64
		{606E4963-C8F6-4648-8420-DDD7BCD9BC69}.Debug|x86.ActiveCfg = Debug|Win32
		{606E4963-C8F6-4648-8420-DDD7BCD9BC69}.Debug|x86.Build.0 = Debug|Win32
		{606E4963-C8F6-4648-8420-DDD7BCD9BC69}.Release|x64.ActiveCfg = Release|x64
		{606E4963-C8F6-4648-8420-DDD7BCD9BC69}.Release|x64.Build.0 = Release|x64
		{606E4963-C8F6-4648-8420-DDD7BCD9BC69}.Release|x86.ActiveCfg = Release|Win32
		{606E4963-C8F6-4648-8420-DDD7BCD9BC69}.Release|x86.Build.0 = Release|Win32
		{445BB542-6D66-4619-83E0-E5E8C0BA6452}.Debug|x64.ActiveCfg = Debug|x64
		{445BB542-6D66-4619-83E0-E5E8C0BA6452}.Debug|x64.Build.0 = Debug|x64
		{445BB542-6D66-4619-83E0-E5E8C0BA6452}.Debug|x86.ActiveCfg = Debug|Win32
		{445BB542-6D66-4619-83E0-E5E8C0BA6452}.Debug|x86.Build.0 = Debug|Win32
		{445BB542-6D66-4619-83E0-E5E8C0BA6452}.Release|x64.ActiveCfg = Release|x64
		{445BB542-6D66-4619-83E0-E5E8C0BA6452}.Release|x64.Build.0 = Release|x64
		{445BB542-6D66-4619-83E0-E5E8C0BA6452}.Release|x86.ActiveCfg = Release|Win32
		{445BB542-6D66-4619-83E0-E5E8C0BA6452}.Release|x86.Build.0 = Release|Win32
		{C96D5E49-50F5-4557-8C93-47CA26D5A389}.Debug|x64.ActiveCfg = Debug|x64
		{C96D5E49-50F5-4557-8C93-47CA26D5A389}.Debug|x64.Build.0 = Debug|x64
		{C96D5E49-50F5-4557-8C93-47CA26D5A389}.Debug|x86.ActiveCfg = Debug|Win32
		{C96D5E49-50F5-4557-8C93-47CA26D5A389}.Debug|x86.Build.0 = Debug|Win32
		{C96D5E49-50F5-4557-8C93-47CA26D5A389}.Release|x64.ActiveCfg = Release|x64
		{C96D5E49-50F5-4557-8C93-47CA26D5A389}.Release|x64.Build.0 = Release|x64
		{C96D5E49-50F5-4557-8C93-47CA26D5A389}.Release|x86.ActiveCfg = Release|Win32
		{C96D5E49-50F5-4557-8C93-47CA26D5A389}.Release|x86.Build.0 = Release|Win32
		{9A53DD17-B6BB-48E6-A218-F0D7538E0328}.Debug|x64.ActiveCfg = Debug|x64
		{9A53DD17-B6BB-48E6-A218-F0D7538E0328}.Debug|x64.Build.0 = Debug|x64
		{9A53DD17-B6BB-48E6-A218-F0D7538E0328}.Debug|x86.ActiveCfg = Debug|Win32
		{9A53DD17-B6BB-48E6-A218-F0D7538E0328}.Debug|x86.Build.0 = Debug|Win32
		{9A53DD17-B6BB-48E6-A218-F0D7538E0328}.Release|x64.ActiveCfg = Release|x64
		{9A53DD17-B6BB-48E6-A218-F0D7538E0328}.Release|x64.Build.0 = Release|x64
		{9A53DD17-B6BB-48E6-A218-F0D7538E0328}.Release|x86.ActiveCfg = Release|Win32
		{9A53DD17-B6BB-48E6-A218-F0D7538E0328}.Release|x86.Build.0 = Release|Win32
		{1E293E2A-39AC-47E8-8DAC-69F08908A361}.Debug|x64.ActiveCfg = Debug|x64
		{1E293E2A-39AC-47E8-8DAC-69F08908A361}.Debug|x64.Build.0 = Debug|x64
		{1E293E2A-39AC-47E8-8DAC-69F08908A361}.Debug|x86.ActiveCfg = Debug|Win32
		{1E293E2A-39AC-47E8-8DAC-69F08908A361}.Debug|x86.Build.0 = Debug|Win32
		{1E293E2A-39AC-47E8-8DAC-69F08908A361}.Release|x64.ActiveCfg = Release|x64
		{1E293E2A-39AC-47E8-8DAC-69F08908A361}.Release|x64.Build.0 = Release|x64
		{1E293E2A-39AC-47E8-8DAC-69F08908A361}.Release|x86.ActiveCfg = Release|Win32
		{1E293E2A-39AC-47E8-8DAC-69F08908A361}.Release|x86.Build.0 = Release|Win32
		{6FCE2B42-8183-418F-865E-94DF639F1C4B}.Debug|x64.ActiveCfg = Debug|x64
		{6FCE2B42-8183-418F-865E-94DF639F1C4B}.Debug|x64.Build.0 = Debug|x64
		{6FCE2B42-8183-418F-865E-94DF639F1C4B}.Debug|x86.ActiveCfg = Debug|Win32
		{6FCE2B42-8183-418F-865E-94DF639F1C4B}.Debug|x86.Build.0 = Debug|Win32
		{6FCE2B42-8183-418F-865E-94DF639F1C4B}.Release|x64.ActiveCfg = Release|x64
		{6FCE2B42-8183-418F-865E-94DF639F1C4B}.Release|x64.Build.0 = Release|x64
		{6FCE2B42-8183-418F-865E-94DF639F1C4B}.Release|x86.ActiveCfg = Release|Win32
		{6FCE2B42-8183-418F-865E-94DF639F1C4B}.Release|x86.Build.0 = Release|Win32
	EndGlobalSection
	GlobalSection(SolutionProperties) = preSolution
		HideSolutionNode = FALSE
	EndGlobalSection
	GlobalSection(ExtensibilityGlobals) = postSolution
		SolutionGuid = {4001EF17-217D-4D5D-8D8C-881B1C4C8BB0}
	EndGlobalSection
EndGlobal
