
Microsoft Visual Studio Solution File, Format Version 12.00
# Visual Studio Version 16
VisualStudioVersion = 16.0.32228.343
MinimumVisualStudioVersion = 10.0.40219.1
Project("{8BC9CEB8-8B4A-11D0-8D11-00A0C91BC942}") = "BankingSystemVer01", "BankingSystemVer01\BankingSystemVer01.vcxproj", "{EA187A91-D8F0-459A-B860-73ECB642D4D2}"
EndProject
Project("{8BC9CEB8-8B4A-11D0-8D11-00A0C91BC942}") = "BankingSystemVer02", "BankingSystemVer02\BankingSystemVer02.vcxproj", "{6800F9B8-CD6C-4048-AA02-B2366D5E6BAC}"
EndProject
Global
	GlobalSection(SolutionConfigurationPlatforms) = preSolution
		Debug|x64 = Debug|x64
		Debug|x86 = Debug|x86
		Release|x64 = Release|x64
		Release|x86 = Release|x86
	EndGlobalSection
	GlobalSection(ProjectConfigurationPlatforms) = postSolution
		{EA187A91-D8F0-459A-B860-73ECB642D4D2}.Debug|x64.ActiveCfg = Debug|x64
		{EA187A91-D8F0-459A-B860-73ECB642D4D2}.Debug|x64.Build.0 = Debug|x64
		{EA187A91-D8F0-459A-B860-73ECB642D4D2}.Debug|x86.ActiveCfg = Debug|Win32
		{EA187A91-D8F0-459A-B860-73ECB642D4D2}.Debug|x86.Build.0 = Debug|Win32
		{EA187A91-D8F0-459A-B860-73ECB642D4D2}.Release|x64.ActiveCfg = Release|x64
		{EA187A91-D8F0-459A-B860-73ECB642D4D2}.Release|x64.Build.0 = Release|x64
		{EA187A91-D8F0-459A-B860-73ECB642D4D2}.Release|x86.ActiveCfg = Release|Win32
		{EA187A91-D8F0-459A-B860-73ECB642D4D2}.Release|x86.Build.0 = Release|Win32
		{6800F9B8-CD6C-4048-AA02-B2366D5E6BAC}.Debug|x64.ActiveCfg = Debug|x64
		{6800F9B8-CD6C-4048-AA02-B2366D5E6BAC}.Debug|x64.Build.0 = Debug|x64
		{6800F9B8-CD6C-4048-AA02-B2366D5E6BAC}.Debug|x86.ActiveCfg = Debug|Win32
		{6800F9B8-CD6C-4048-AA02-B2366D5E6BAC}.Debug|x86.Build.0 = Debug|Win32
		{6800F9B8-CD6C-4048-AA02-B2366D5E6BAC}.Release|x64.ActiveCfg = Release|x64
		{6800F9B8-CD6C-4048-AA02-B2366D5E6BAC}.Release|x64.Build.0 = Release|x64
		{6800F9B8-CD6C-4048-AA02-B2366D5E6BAC}.Release|x86.ActiveCfg = Release|Win32
		{6800F9B8-CD6C-4048-AA02-B2366D5E6BAC}.Release|x86.Build.0 = Release|Win32
	EndGlobalSection
	GlobalSection(SolutionProperties) = preSolution
		HideSolutionNode = FALSE
	EndGlobalSection
	GlobalSection(ExtensibilityGlobals) = postSolution
		SolutionGuid = {C94C1358-8F6C-4862-BAC6-67948AADC7AD}
	EndGlobalSection
EndGlobal
